Microsoft Visual Studio Solution File, Format Version 12.00
# Visual Studio Version 17
VisualStudioVersion = 17.0.31903.59
MinimumVisualStudioVersion = 10.0.40219.1
Project("{2150E333-8FDC-42A3-9474-1A3956D46DE8}") = "src", "src", "{5EA7EE66-9E10-45D8-9C7D-E44B3E9559A4}"
EndProject
Project("{FAE04EC0-301F-11D3-BF4B-00C04F79EFBC}") = "AnalyzerCore.Domain", "src\AnalyzerCore.Domain\AnalyzerCore.Domain.csproj", "{D64C1913-3E6B-4E6E-9176-9E4B5EB3827A}"
EndProject
Project("{FAE04EC0-301F-11D3-BF4B-00C04F79EFBC}") = "AnalyzerCore.Application", "src\AnalyzerCore.Application\AnalyzerCore.Application.csproj", "{F0A7B380-523D-4B43-A5F3-6B0E1F6B584D}"
EndProject
Project("{FAE04EC0-301F-11D3-BF4B-00C04F79EFBC}") = "AnalyzerCore.Infrastructure", "src\AnalyzerCore.Infrastructure\AnalyzerCore.Infrastructure.csproj", "{C37AE0D1-26E4-4C66-B55F-E3F9B3E62543}"
EndProject
Project("{FAE04EC0-301F-11D3-BF4B-00C04F79EFBC}") = "AnalyzerCore.Api", "src\AnalyzerCore.Api\AnalyzerCore.Api.csproj", "{5B7C7C3D-0C4F-4D37-8B1E-3B6939E54C3A}"
EndProject
Global
	GlobalSection(SolutionConfigurationPlatforms) = preSolution
		Debug|Any CPU = Debug|Any CPU
		Release|Any CPU = Release|Any CPU
	EndGlobalSection
	GlobalSection(ProjectConfigurationPlatforms) = postSolution
		{D64C1913-3E6B-4E6E-9176-9E4B5EB3827A}.Debug|Any CPU.ActiveCfg = Debug|Any CPU
		{D64C1913-3E6B-4E6E-9176-9E4B5EB3827A}.Debug|Any CPU.Build.0 = Debug|Any CPU
		{D64C1913-3E6B-4E6E-9176-9E4B5EB3827A}.Release|Any CPU.ActiveCfg = Release|Any CPU
		{D64C1913-3E6B-4E6E-9176-9E4B5EB3827A}.Release|Any CPU.Build.0 = Release|Any CPU
		{F0A7B380-523D-4B43-A5F3-6B0E1F6B584D}.Debug|Any CPU.ActiveCfg = Debug|Any CPU
		{F0A7B380-523D-4B43-A5F3-6B0E1F6B584D}.Debug|Any CPU.Build.0 = Debug|Any CPU
		{F0A7B380-523D-4B43-A5F3-6B0E1F6B584D}.Release|Any CPU.ActiveCfg = Release|Any CPU
		{F0A7B380-523D-4B43-A5F3-6B0E1F6B584D}.Release|Any CPU.Build.0 = Release|Any CPU
		{C37AE0D1-26E4-4C66-B55F-E3F9B3E62543}.Debug|Any CPU.ActiveCfg = Debug|Any CPU
		{C37AE0D1-26E4-4C66-B55F-E3F9B3E62543}.Debug|Any CPU.Build.0 = Debug|Any CPU
		{C37AE0D1-26E4-4C66-B55F-E3F9B3E62543}.Release|Any CPU.ActiveCfg = Release|Any CPU
		{C37AE0D1-26E4-4C66-B55F-E3F9B3E62543}.Release|Any CPU.Build.0 = Release|Any CPU
		{5B7C7C3D-0C4F-4D37-8B1E-3B6939E54C3A}.Debug|Any CPU.ActiveCfg = Debug|Any CPU
		{5B7C7C3D-0C4F-4D37-8B1E-3B6939E54C3A}.Debug|Any CPU.Build.0 = Debug|Any CPU
		{5B7C7C3D-0C4F-4D37-8B1E-3B6939E54C3A}.Release|Any CPU.ActiveCfg = Release|Any CPU
		{5B7C7C3D-0C4F-4D37-8B1E-3B6939E54C3A}.Release|Any CPU.Build.0 = Release|Any CPU
	EndGlobalSection
	GlobalSection(NestedProjects) = preSolution
		{D64C1913-3E6B-4E6E-9176-9E4B5EB3827A} = {5EA7EE66-9E10-45D8-9C7D-E44B3E9559A4}
		{F0A7B380-523D-4B43-A5F3-6B0E1F6B584D} = {5EA7EE66-9E10-45D8-9C7D-E44B3E9559A4}
		{C37AE0D1-26E4-4C66-B55F-E3F9B3E62543} = {5EA7EE66-9E10-45D8-9C7D-E44B3E9559A4}
		{5B7C7C3D-0C4F-4D37-8B1E-3B6939E54C3A} = {5EA7EE66-9E10-45D8-9C7D-E44B3E9559A4}
	EndGlobalSection
EndGlobal
